
Microsoft Visual Studio Solution File, Format Version 12.00
# Visual Studio Version 16
VisualStudioVersion = 16.0.28701.123
MinimumVisualStudioVersion = 10.0.40219.1
Project("{8BC9CEB8-8B4A-11D0-8D11-00A0C91BC942}") = "Game", "Game\Game.vcxproj", "{46F6C29E-E601-4312-AA3D-946334E839E9}"
EndProject
Project("{8BC9CEB8-8B4A-11D0-8D11-00A0C91BC942}") = "TricksterEngine", "TricksterEngine\TricksterEngine.vcxproj", "{FD633804-DE47-4F35-9A06-5BAA82108DCD}"
EndProject
Global
	GlobalSection(SolutionConfigurationPlatforms) = preSolution
		Debug|x64 = Debug|x64
		Debug|x86 = Debug|x86
		Release|x64 = Release|x64
		Release|x86 = Release|x86
		Static_Debug|x64 = Static_Debug|x64
		Static_Debug|x86 = Static_Debug|x86
		Static_Release|x64 = Static_Release|x64
		Static_Release|x86 = Static_Release|x86
		VulkanDebug|x64 = VulkanDebug|x64
		VulkanDebug|x86 = VulkanDebug|x86
		VulkanRelease|x64 = VulkanRelease|x64
		VulkanRelease|x86 = VulkanRelease|x86
	EndGlobalSection
	GlobalSection(ProjectConfigurationPlatforms) = postSolution
		{46F6C29E-E601-4312-AA3D-946334E839E9}.Debug|x64.ActiveCfg = Debug|x64
		{46F6C29E-E601-4312-AA3D-946334E839E9}.Debug|x64.Build.0 = Debug|x64
		{46F6C29E-E601-4312-AA3D-946334E839E9}.Debug|x86.ActiveCfg = Debug|Win32
		{46F6C29E-E601-4312-AA3D-946334E839E9}.Debug|x86.Build.0 = Debug|Win32
		{46F6C29E-E601-4312-AA3D-946334E839E9}.Release|x64.ActiveCfg = Release|x64
		{46F6C29E-E601-4312-AA3D-946334E839E9}.Release|x64.Build.0 = Release|x64
		{46F6C29E-E601-4312-AA3D-946334E839E9}.Release|x86.ActiveCfg = Release|Win32
		{46F6C29E-E601-4312-AA3D-946334E839E9}.Release|x86.Build.0 = Release|Win32
		{46F6C29E-E601-4312-AA3D-946334E839E9}.Static_Debug|x64.ActiveCfg = Static_Debug|x64
		{46F6C29E-E601-4312-AA3D-946334E839E9}.Static_Debug|x64.Build.0 = Static_Debug|x64
		{46F6C29E-E601-4312-AA3D-946334E839E9}.Static_Debug|x86.ActiveCfg = Static_Debug|Win32
		{46F6C29E-E601-4312-AA3D-946334E839E9}.Static_Debug|x86.Build.0 = Static_Debug|Win32
		{46F6C29E-E601-4312-AA3D-946334E839E9}.Static_Release|x64.ActiveCfg = Static_Release|x64
		{46F6C29E-E601-4312-AA3D-946334E839E9}.Static_Release|x64.Build.0 = Static_Release|x64
		{46F6C29E-E601-4312-AA3D-946334E839E9}.Static_Release|x86.ActiveCfg = Static_Release|Win32
		{46F6C29E-E601-4312-AA3D-946334E839E9}.Static_Release|x86.Build.0 = Static_Release|Win32
		{46F6C29E-E601-4312-AA3D-946334E839E9}.VulkanDebug|x64.ActiveCfg = VulkanDebug|x64
		{46F6C29E-E601-4312-AA3D-946334E839E9}.VulkanDebug|x64.Build.0 = VulkanDebug|x64
		{46F6C29E-E601-4312-AA3D-946334E839E9}.VulkanDebug|x86.ActiveCfg = VulkanDebug|Win32
		{46F6C29E-E601-4312-AA3D-946334E839E9}.VulkanDebug|x86.Build.0 = VulkanDebug|Win32
		{46F6C29E-E601-4312-AA3D-946334E839E9}.VulkanRelease|x64.ActiveCfg = VulkanRelease|x64
		{46F6C29E-E601-4312-AA3D-946334E839E9}.VulkanRelease|x64.Build.0 = VulkanRelease|x64
		{46F6C29E-E601-4312-AA3D-946334E839E9}.VulkanRelease|x86.ActiveCfg = VulkanRelease|Win32
		{46F6C29E-E601-4312-AA3D-946334E839E9}.VulkanRelease|x86.Build.0 = VulkanRelease|Win32
		{FD633804-DE47-4F35-9A06-5BAA82108DCD}.Debug|x64.ActiveCfg = Debug|x64
		{FD633804-DE47-4F35-9A06-5BAA82108DCD}.Debug|x64.Build.0 = Debug|x64
		{FD633804-DE47-4F35-9A06-5BAA82108DCD}.Debug|x86.ActiveCfg = Debug|Win32
		{FD633804-DE47-4F35-9A06-5BAA82108DCD}.Debug|x86.Build.0 = Debug|Win32
		{FD633804-DE47-4F35-9A06-5BAA82108DCD}.Release|x64.ActiveCfg = Release|x64
		{FD633804-DE47-4F35-9A06-5BAA82108DCD}.Release|x64.Build.0 = Release|x64
		{FD633804-DE47-4F35-9A06-5BAA82108DCD}.Release|x86.ActiveCfg = Release|Win32
		{FD633804-DE47-4F35-9A06-5BAA82108DCD}.Release|x86.Build.0 = Release|Win32
		{FD633804-DE47-4F35-9A06-5BAA82108DCD}.Static_Debug|x64.ActiveCfg = Static_Debug|x64
		{FD633804-DE47-4F35-9A06-5BAA82108DCD}.Static_Debug|x64.Build.0 = Static_Debug|x64
		{FD633804-DE47-4F35-9A06-5BAA82108DCD}.Static_Debug|x86.ActiveCfg = Static_Debug|Win32
		{FD633804-DE47-4F35-9A06-5BAA82108DCD}.Static_Debug|x86.Build.0 = Static_Debug|Win32
		{FD633804-DE47-4F35-9A06-5BAA82108DCD}.Static_Release|x64.ActiveCfg = Static_Release|x64
		{FD633804-DE47-4F35-9A06-5BAA82108DCD}.Static_Release|x64.Build.0 = Static_Release|x64
		{FD633804-DE47-4F35-9A06-5BAA82108DCD}.Static_Release|x86.ActiveCfg = Static_Release|Win32
		{FD633804-DE47-4F35-9A06-5BAA82108DCD}.Static_Release|x86.Build.0 = Static_Release|Win32
		{FD633804-DE47-4F35-9A06-5BAA82108DCD}.VulkanDebug|x64.ActiveCfg = VulkanDebug|x64
		{FD633804-DE47-4F35-9A06-5BAA82108DCD}.VulkanDebug|x64.Build.0 = VulkanDebug|x64
		{FD633804-DE47-4F35-9A06-5BAA82108DCD}.VulkanDebug|x86.ActiveCfg = VulkanDebug|Win32
		{FD633804-DE47-4F35-9A06-5BAA82108DCD}.VulkanDebug|x86.Build.0 = VulkanDebug|Win32
		{FD633804-DE47-4F35-9A06-5BAA82108DCD}.VulkanRelease|x64.ActiveCfg = VulkanRelease|x64
		{FD633804-DE47-4F35-9A06-5BAA82108DCD}.VulkanRelease|x64.Build.0 = VulkanRelease|x64
		{FD633804-DE47-4F35-9A06-5BAA82108DCD}.VulkanRelease|x86.ActiveCfg = VulkanRelease|Win32
		{FD633804-DE47-4F35-9A06-5BAA82108DCD}.VulkanRelease|x86.Build.0 = VulkanRelease|Win32
	EndGlobalSection
	GlobalSection(SolutionProperties) = preSolution
		HideSolutionNode = FALSE
	EndGlobalSection
	GlobalSection(ExtensibilityGlobals) = postSolution
		SolutionGuid = {9AA4DC3E-692D-467B-8BDF-A229F96D93FE}
	EndGlobalSection
EndGlobal
