
Microsoft Visual Studio Solution File, Format Version 12.00
# Visual Studio 15
VisualStudioVersion = 15.0.28307.902
MinimumVisualStudioVersion = 10.0.40219.1
Project("{8BC9CEB8-8B4A-11D0-8D11-00A0C91BC942}") = "Game", "Game\Game.vcxproj", "{46F6C29E-E601-4312-AA3D-946334E839E9}"
EndProject
Project("{8BC9CEB8-8B4A-11D0-8D11-00A0C91BC942}") = "TricksterEngine", "TricksterEngine\TricksterEngine.vcxproj", "{FD633804-DE47-4F35-9A06-5BAA82108DCD}"
EndProject
Global
	GlobalSection(SolutionConfigurationPlatforms) = preSolution
		Debug|x64 = Debug|x64
		Debug|x86 = Debug|x86
		Release|x64 = Release|x64
		Release|x86 = Release|x86
	EndGlobalSection
	GlobalSection(ProjectConfigurationPlatforms) = postSolution
		{FD633804-DE47-4F35-9A06-5BAA82108DCD}.Debug|x64.ActiveCfg = Debug|x64
		{FD633804-DE47-4F35-9A06-5BAA82108DCD}.Debug|x64.Build.0 = Debug|x64
		{FD633804-DE47-4F35-9A06-5BAA82108DCD}.Debug|x86.ActiveCfg = Debug|Win32
		{FD633804-DE47-4F35-9A06-5BAA82108DCD}.Debug|x86.Build.0 = Debug|Win32
		{FD633804-DE47-4F35-9A06-5BAA82108DCD}.Release|x64.ActiveCfg = Release|x64
		{FD633804-DE47-4F35-9A06-5BAA82108DCD}.Release|x64.Build.0 = Release|x64
		{FD633804-DE47-4F35-9A06-5BAA82108DCD}.Release|x86.ActiveCfg = Release|Win32
		{FD633804-DE47-4F35-9A06-5BAA82108DCD}.Release|x86.Build.0 = Release|Win32
		{46F6C29E-E601-4312-AA3D-946334E839E9}.Debug|x64.ActiveCfg = Debug|x64
		{46F6C29E-E601-4312-AA3D-946334E839E9}.Debug|x64.Build.0 = Debug|x64
		{46F6C29E-E601-4312-AA3D-946334E839E9}.Debug|x86.ActiveCfg = Debug|Win32
		{46F6C29E-E601-4312-AA3D-946334E839E9}.Debug|x86.Build.0 = Debug|Win32
		{46F6C29E-E601-4312-AA3D-946334E839E9}.Release|x64.ActiveCfg = Release|x64
		{46F6C29E-E601-4312-AA3D-946334E839E9}.Release|x64.Build.0 = Release|x64
		{46F6C29E-E601-4312-AA3D-946334E839E9}.Release|x86.ActiveCfg = Release|Win32
		{46F6C29E-E601-4312-AA3D-946334E839E9}.Release|x86.Build.0 = Release|Win32
	EndGlobalSection
	GlobalSection(SolutionProperties) = preSolution
		HideSolutionNode = FALSE
	EndGlobalSection
	GlobalSection(ExtensibilityGlobals) = postSolution
		SolutionGuid = {9AA4DC3E-692D-467B-8BDF-A229F96D93FE}
	EndGlobalSection
EndGlobal
